
Microsoft Visual Studio Solution File, Format Version 12.00
# Visual Studio 15
VisualStudioVersion = 15.0.27703.2000
MinimumVisualStudioVersion = 10.0.40219.1
Project("{FAE04EC0-301F-11D3-BF4B-00C04F79EFBC}") = "WcfWpf.Contracts", "WcfWpf.Contracts\WcfWpf.Contracts.csproj", "{578FA007-DD99-4CF9-A903-89CAA35CD88E}"
EndProject
Global
	GlobalSection(SolutionConfigurationPlatforms) = preSolution
		Debug|Any CPU = Debug|Any CPU
		Release|Any CPU = Release|Any CPU
	EndGlobalSection
	GlobalSection(ProjectConfigurationPlatforms) = postSolution
		{578FA007-DD99-4CF9-A903-89CAA35CD88E}.Debug|Any CPU.ActiveCfg = Debug|Any CPU
		{578FA007-DD99-4CF9-A903-89CAA35CD88E}.Debug|Any CPU.Build.0 = Debug|Any CPU
		{578FA007-DD99-4CF9-A903-89CAA35CD88E}.Release|Any CPU.ActiveCfg = Release|Any CPU
		{578FA007-DD99-4CF9-A903-89CAA35CD88E}.Release|Any CPU.Build.0 = Release|Any CPU
	EndGlobalSection
	GlobalSection(SolutionProperties) = preSolution
		HideSolutionNode = FALSE
	EndGlobalSection
	GlobalSection(ExtensibilityGlobals) = postSolution
		SolutionGuid = {AE61F76A-894A-4F1E-8951-9F4B4D08865C}
	EndGlobalSection
EndGlobal
